
Microsoft Visual Studio Solution File, Format Version 12.00
# Visual Studio 15
VisualStudioVersion = 15.0.26124.0
MinimumVisualStudioVersion = 15.0.26124.0
Project("{FAE04EC0-301F-11D3-BF4B-00C04F79EFBC}") = "ElectoBuy-WebUI", "ElectoBuy-WebUI\ElectoBuy-WebUI.csproj", "{4A3BCE78-853F-47AA-AEFE-263D7E261A0F}"
EndProject
Project("{FAE04EC0-301F-11D3-BF4B-00C04F79EFBC}") = "Data", "Data\Data.csproj", "{E15B41F0-EFF7-41D5-B556-97A96F303EAD}"
EndProject
Project("{FAE04EC0-301F-11D3-BF4B-00C04F79EFBC}") = "Models", "Models\Models.csproj", "{C7C300C5-2D8C-4352-9619-98B9675DF265}"
EndProject
Global
	GlobalSection(SolutionConfigurationPlatforms) = preSolution
		Debug|Any CPU = Debug|Any CPU
		Debug|x64 = Debug|x64
		Debug|x86 = Debug|x86
		Release|Any CPU = Release|Any CPU
		Release|x64 = Release|x64
		Release|x86 = Release|x86
	EndGlobalSection
	GlobalSection(SolutionProperties) = preSolution
		HideSolutionNode = FALSE
	EndGlobalSection
	GlobalSection(ProjectConfigurationPlatforms) = postSolution
		{4A3BCE78-853F-47AA-AEFE-263D7E261A0F}.Debug|Any CPU.ActiveCfg = Debug|Any CPU
		{4A3BCE78-853F-47AA-AEFE-263D7E261A0F}.Debug|Any CPU.Build.0 = Debug|Any CPU
		{4A3BCE78-853F-47AA-AEFE-263D7E261A0F}.Debug|x64.ActiveCfg = Debug|Any CPU
		{4A3BCE78-853F-47AA-AEFE-263D7E261A0F}.Debug|x64.Build.0 = Debug|Any CPU
		{4A3BCE78-853F-47AA-AEFE-263D7E261A0F}.Debug|x86.ActiveCfg = Debug|Any CPU
		{4A3BCE78-853F-47AA-AEFE-263D7E261A0F}.Debug|x86.Build.0 = Debug|Any CPU
		{4A3BCE78-853F-47AA-AEFE-263D7E261A0F}.Release|Any CPU.ActiveCfg = Release|Any CPU
		{4A3BCE78-853F-47AA-AEFE-263D7E261A0F}.Release|Any CPU.Build.0 = Release|Any CPU
		{4A3BCE78-853F-47AA-AEFE-263D7E261A0F}.Release|x64.ActiveCfg = Release|Any CPU
		{4A3BCE78-853F-47AA-AEFE-263D7E261A0F}.Release|x64.Build.0 = Release|Any CPU
		{4A3BCE78-853F-47AA-AEFE-263D7E261A0F}.Release|x86.ActiveCfg = Release|Any CPU
		{4A3BCE78-853F-47AA-AEFE-263D7E261A0F}.Release|x86.Build.0 = Release|Any CPU
		{E15B41F0-EFF7-41D5-B556-97A96F303EAD}.Debug|Any CPU.ActiveCfg = Debug|Any CPU
		{E15B41F0-EFF7-41D5-B556-97A96F303EAD}.Debug|Any CPU.Build.0 = Debug|Any CPU
		{E15B41F0-EFF7-41D5-B556-97A96F303EAD}.Debug|x64.ActiveCfg = Debug|Any CPU
		{E15B41F0-EFF7-41D5-B556-97A96F303EAD}.Debug|x64.Build.0 = Debug|Any CPU
		{E15B41F0-EFF7-41D5-B556-97A96F303EAD}.Debug|x86.ActiveCfg = Debug|Any CPU
		{E15B41F0-EFF7-41D5-B556-97A96F303EAD}.Debug|x86.Build.0 = Debug|Any CPU
		{E15B41F0-EFF7-41D5-B556-97A96F303EAD}.Release|Any CPU.ActiveCfg = Release|Any CPU
		{E15B41F0-EFF7-41D5-B556-97A96F303EAD}.Release|Any CPU.Build.0 = Release|Any CPU
		{E15B41F0-EFF7-41D5-B556-97A96F303EAD}.Release|x64.ActiveCfg = Release|Any CPU
		{E15B41F0-EFF7-41D5-B556-97A96F303EAD}.Release|x64.Build.0 = Release|Any CPU
		{E15B41F0-EFF7-41D5-B556-97A96F303EAD}.Release|x86.ActiveCfg = Release|Any CPU
		{E15B41F0-EFF7-41D5-B556-97A96F303EAD}.Release|x86.Build.0 = Release|Any CPU
		{C7C300C5-2D8C-4352-9619-98B9675DF265}.Debug|Any CPU.ActiveCfg = Debug|Any CPU
		{C7C300C5-2D8C-4352-9619-98B9675DF265}.Debug|Any CPU.Build.0 = Debug|Any CPU
		{C7C300C5-2D8C-4352-9619-98B9675DF265}.Debug|x64.ActiveCfg = Debug|Any CPU
		{C7C300C5-2D8C-4352-9619-98B9675DF265}.Debug|x64.Build.0 = Debug|Any CPU
		{C7C300C5-2D8C-4352-9619-98B9675DF265}.Debug|x86.ActiveCfg = Debug|Any CPU
		{C7C300C5-2D8C-4352-9619-98B9675DF265}.Debug|x86.Build.0 = Debug|Any CPU
		{C7C300C5-2D8C-4352-9619-98B9675DF265}.Release|Any CPU.ActiveCfg = Release|Any CPU
		{C7C300C5-2D8C-4352-9619-98B9675DF265}.Release|Any CPU.Build.0 = Release|Any CPU
		{C7C300C5-2D8C-4352-9619-98B9675DF265}.Release|x64.ActiveCfg = Release|Any CPU
		{C7C300C5-2D8C-4352-9619-98B9675DF265}.Release|x64.Build.0 = Release|Any CPU
		{C7C300C5-2D8C-4352-9619-98B9675DF265}.Release|x86.ActiveCfg = Release|Any CPU
		{C7C300C5-2D8C-4352-9619-98B9675DF265}.Release|x86.Build.0 = Release|Any CPU
	EndGlobalSection
EndGlobal
